Microsoft Visual Studio Solution File, Format Version 11.00
# Visual Studio 2012
Project("{5372E22D-C597-0668-98D3-C78F4F91A572}") = "SAFEReverb", "SAFEReverb.vcxproj", "{FA10D054-AFAA-E162-201E-A6C46A69940B}"
EndProject
Global
	GlobalSection(SolutionConfigurationPlatforms) = preSolution
		Debug|Win32 = Debug|Win32
		Release|Win32 = Release|Win32
	EndGlobalSection
	GlobalSection(ProjectConfigurationPlatforms) = postSolution
		{FA10D054-AFAA-E162-201E-A6C46A69940B}.Debug|Win32.ActiveCfg = Debug|Win32
		{FA10D054-AFAA-E162-201E-A6C46A69940B}.Debug|Win32.Build.0 = Debug|Win32
		{FA10D054-AFAA-E162-201E-A6C46A69940B}.Release|Win32.ActiveCfg = Release|Win32
		{FA10D054-AFAA-E162-201E-A6C46A69940B}.Release|Win32.Build.0 = Release|Win32
	EndGlobalSection
	GlobalSection(SolutionProperties) = preSolution
		HideSolutionNode = FALSE
	EndGlobalSection
EndGlobal
